
Microsoft Visual Studio Solution File, Format Version 12.00
# Visual Studio 15
VisualStudioVersion = 15.0.28307.106
MinimumVisualStudioVersion = 10.0.40219.1
Project("{FAE04EC0-301F-11D3-BF4B-00C04F79EFBC}") = "AP.Model", "AP.Models\AP.Model.csproj", "{9DB50831-EB9E-400F-9574-6D59B65CE06D}"
EndProject
Project("{FAE04EC0-301F-11D3-BF4B-00C04F79EFBC}") = "AP.Service", "Ap.Service\AP.Service.csproj", "{F8A28F18-C85F-4412-ADF6-286E0A41987C}"
EndProject
Project("{FAE04EC0-301F-11D3-BF4B-00C04F79EFBC}") = "AP.Web", "AP.Web\AP.Web.csproj", "{A2BC8EA5-5B84-44AA-B6E7-DD7A23E1960B}"
EndProject
Global
	GlobalSection(SolutionConfigurationPlatforms) = preSolution
		Debug|Any CPU = Debug|Any CPU
		Release|Any CPU = Release|Any CPU
	EndGlobalSection
	GlobalSection(ProjectConfigurationPlatforms) = postSolution
		{9DB50831-EB9E-400F-9574-6D59B65CE06D}.Debug|Any CPU.ActiveCfg = Debug|Any CPU
		{9DB50831-EB9E-400F-9574-6D59B65CE06D}.Debug|Any CPU.Build.0 = Debug|Any CPU
		{9DB50831-EB9E-400F-9574-6D59B65CE06D}.Release|Any CPU.ActiveCfg = Release|Any CPU
		{9DB50831-EB9E-400F-9574-6D59B65CE06D}.Release|Any CPU.Build.0 = Release|Any CPU
		{F8A28F18-C85F-4412-ADF6-286E0A41987C}.Debug|Any CPU.ActiveCfg = Debug|Any CPU
		{F8A28F18-C85F-4412-ADF6-286E0A41987C}.Debug|Any CPU.Build.0 = Debug|Any CPU
		{F8A28F18-C85F-4412-ADF6-286E0A41987C}.Release|Any CPU.ActiveCfg = Release|Any CPU
		{F8A28F18-C85F-4412-ADF6-286E0A41987C}.Release|Any CPU.Build.0 = Release|Any CPU
		{A2BC8EA5-5B84-44AA-B6E7-DD7A23E1960B}.Debug|Any CPU.ActiveCfg = Debug|Any CPU
		{A2BC8EA5-5B84-44AA-B6E7-DD7A23E1960B}.Debug|Any CPU.Build.0 = Debug|Any CPU
		{A2BC8EA5-5B84-44AA-B6E7-DD7A23E1960B}.Release|Any CPU.ActiveCfg = Release|Any CPU
		{A2BC8EA5-5B84-44AA-B6E7-DD7A23E1960B}.Release|Any CPU.Build.0 = Release|Any CPU
	EndGlobalSection
	GlobalSection(SolutionProperties) = preSolution
		HideSolutionNode = FALSE
	EndGlobalSection
	GlobalSection(ExtensibilityGlobals) = postSolution
		SolutionGuid = {1FCEF0B9-7B78-47B6-9C17-66B7897C4096}
	EndGlobalSection
EndGlobal
